{
  "nodes": {
    "nixpkgs": {
      "locked": {
        "lastModified": 1660496378,
        "narHash": "sha256-sgAhmrC1iSnl5T2VPPiMpciH1aRw5c7PYEdXX6jd6Gk=",
        "owner": "NixOS",
        "repo": "nixpkgs",
        "rev": "879121648fe522b38cc1cf75aef160a14a1f2e7b",
        "type": "github"
      },
      "original": {
        "owner": "NixOS",
        "ref": "nixos-22.05",
        "repo": "nixpkgs",
        "type": "github"
      }
    },
    "nixpkgs-staging": {
      "locked": {
        "lastModified": 1658002507,
        "narHash": "sha256-1OIJBiyKN4Le2WqYEVs8lYlSdF12vveUt5iA0I+wE7M=",
        "owner": "jasonrm",
        "repo": "nixpkgs-staging",
        "rev": "2c9af7f5b6d3001177ea5b22ca5e9eecb914091c",
        "type": "github"
      },
      "original": {
        "owner": "jasonrm",
        "repo": "nixpkgs-staging",
        "type": "github"
      }
    },
    "root": {
      "inputs": {
        "nixpkgs": "nixpkgs",
        "nixpkgs-staging": "nixpkgs-staging",
        "utils": "utils"
      }
    },
    "utils": {
      "locked": {
        "lastModified": 1659877975,
        "narHash": "sha256-zllb8aq3YO3h8B/U0/J1WBgAL8EX5yWf5pMj3G0NAmc=",
        "owner": "numtide",
        "repo": "flake-utils",
        "rev": "c0e246b9b83f637f4681389ecabcb2681b4f3af0",
        "type": "github"
      },
      "original": {
        "owner": "numtide",
        "repo": "flake-utils",
        "type": "github"
      }
    }
  },
  "root": "root",
  "version": 7
}
